{
  "name": "web",
  "version": "1.0.0",
  "lockfileVersion": 1,
  "requires": true,
  "dependencies": {
    "bootstrap": {
      "version": "4.3.1",
      "resolved": "https://registry.npmjs.org/bootstrap/-/bootstrap-4.3.1.tgz",
      "integrity": "sha512-rXqOmH1VilAt2DyPzluTi2blhk17bO7ef+zLLPlWvG494pDxcM234pJ8wTc/6R40UWizAIIMgxjvxZg5kmsbag=="
    },
    "bootstrap-drawer": {
      "version": "1.0.6",
      "resolved": "https://registry.npmjs.org/bootstrap-drawer/-/bootstrap-drawer-1.0.6.tgz",
      "integrity": "sha1-mFl71Q9em83ToLNPEKsWavyidUM=",
      "requires": {
        "bootstrap": "3.x",
        "jquery": "2.x"
      },
      "dependencies": {
        "bootstrap": {
          "version": "3.4.1",
          "resolved": "https://registry.npmjs.org/bootstrap/-/bootstrap-3.4.1.tgz",
          "integrity": "sha512-yN5oZVmRCwe5aKwzRj6736nSmKDX7pLYwsXiCj/EYmo16hODaBiT4En5btW/jhBF/seV+XMx3aYwukYC3A49DA=="
        },
        "jquery": {
          "version": "2.2.4",
          "resolved": "https://registry.npmjs.org/jquery/-/jquery-2.2.4.tgz",
          "integrity": "sha1-LInWiJterFIqfuoywUUhVZxsvwI="
        }
      }
    },
    "bootstrap-material-design": {
      "version": "4.1.1",
      "resolved": "https://registry.npmjs.org/bootstrap-material-design/-/bootstrap-material-design-4.1.1.tgz",
      "integrity": "sha1-h0M9sL9k1qCvsPX6qoYGE0ydJtI="
    },
    "bootstrap-material-design-icons": {
      "version": "2.2.0",
      "resolved": "https://registry.npmjs.org/bootstrap-material-design-icons/-/bootstrap-material-design-icons-2.2.0.tgz",
      "integrity": "sha1-YOL1hDZ6c8lgxRFYTW/VUS2+FR4="
    },
    "jquery": {
      "version": "3.4.1",
      "resolved": "https://registry.npmjs.org/jquery/-/jquery-3.4.1.tgz",
      "integrity": "sha512-36+AdBzCL+y6qjw5Tx7HgzeGCzC81MDDgaUP8ld2zhx58HdqXGoBd+tHdrBMiyjGQs0Hxs/MLZTu/eHNJJuWPw=="
    },
    "popper.js": {
      "version": "1.15.0",
      "resolved": "https://registry.npmjs.org/popper.js/-/popper.js-1.15.0.tgz",
      "integrity": "sha512-w010cY1oCUmI+9KwwlWki+r5jxKfTFDVoadl7MSrIujHU5MJ5OR6HTDj6Xo8aoR/QsA56x8jKjA59qGH4ELtrA=="
    }
  }
}
